// !$*UTF8*$!
{
	archiveVersion = 1;
	classes = {
	};
	objectVersion = 46;
	objects = {

/* Begin PBXBuildFile section */
		0CEB84C119320DC60052BDEC /* Foundation.framework in Frameworks */ = {isa = PBXBuildFile; fileRef = 0CEB84C019320DC60052BDEC /* Foundation.framework */; };
		0CEB84C319320DC60052BDEC /* CoreGraphics.framework in Frameworks */ = {isa = PBXBuildFile; fileRef = 0CEB84C219320DC60052BDEC /* CoreGraphics.framework */; };
		0CEB84C519320DC60052BDEC /* UIKit.framework in Frameworks */ = {isa = PBXBuildFile; fileRef = 0CEB84C419320DC60052BDEC /* UIKit.framework */; };
		0CEB84CB19320DC60052BDEC /* InfoPlist.strings in Resources */ = {isa = PBXBuildFile; fileRef = 0CEB84C919320DC60052BDEC /* InfoPlist.strings */; };
		0CEB84CD19320DC60052BDEC /* main.m in Sources */ = {isa = PBXBuildFile; fileRef = 0CEB84CC19320DC60052BDEC /* main.m */; };
		0CEB84D119320DC60052BDEC /* AGAppDelegate.m in Sources */ = {isa = PBXBuildFile; fileRef = 0CEB84D019320DC60052BDEC /* AGAppDelegate.m */; };
		0CEB84D919320DC60052BDEC /* Images.xcassets in Resources */ = {isa = PBXBuildFile; fileRef = 0CEB84D819320DC60052BDEC /* Images.xcassets */; };
		0CEB84E019320DC60052BDEC /* XCTest.framework in Frameworks */ = {isa = PBXBuildFile; fileRef = 0CEB84DF19320DC60052BDEC /* XCTest.framework */; };
		0CEB84E119320DC60052BDEC /* Foundation.framework in Frameworks */ = {isa = PBXBuildFile; fileRef = 0CEB84C019320DC60052BDEC /* Foundation.framework */; };
		0CEB84E219320DC60052BDEC /* UIKit.framework in Frameworks */ = {isa = PBXBuildFile; fileRef = 0CEB84C419320DC60052BDEC /* UIKit.framework */; };
		0CEB84EA19320DC60052BDEC /* InfoPlist.strings in Resources */ = {isa = PBXBuildFile; fileRef = 0CEB84E819320DC60052BDEC /* InfoPlist.strings */; };
		0CEB84EC19320DC60052BDEC /* Ultimate_BlackwatchTests.m in Sources */ = {isa = PBXBuildFile; fileRef = 0CEB84EB19320DC60052BDEC /* Ultimate_BlackwatchTests.m */; };
		0CEB84F9193218180052BDEC /* AGRootViewController.m in Sources */ = {isa = PBXBuildFile; fileRef = 0CEB84F8193218180052BDEC /* AGRootViewController.m */; };
		0CEB84FD193218600052BDEC /* AGWatchViewController.m in Sources */ = {isa = PBXBuildFile; fileRef = 0CEB84FB193218600052BDEC /* AGWatchViewController.m */; };
		0CEB8500193218770052BDEC /* AGWatchViewController.xib in Resources */ = {isa = PBXBuildFile; fileRef = 0CEB84FF193218770052BDEC /* AGWatchViewController.xib */; };
		0CEB850419321E620052BDEC /* UIColor+Stuff.m in Sources */ = {isa = PBXBuildFile; fileRef = 0CEB850319321E620052BDEC /* UIColor+Stuff.m */; };
		0CEB8509193268FD0052BDEC /* AGHelper.m in Sources */ = {isa = PBXBuildFile; fileRef = 0CEB8508193268FD0052BDEC /* AGHelper.m */; };
		0CEB85161932719A0052BDEC /* AGNavigationBar.m in Sources */ = {isa = PBXBuildFile; fileRef = 0CEB85151932719A0052BDEC /* AGNavigationBar.m */; };
		0CEB8519193348770052BDEC /* bottom_white.png in Resources */ = {isa = PBXBuildFile; fileRef = 0CEB8517193348770052BDEC /* bottom_white.png */; };
		0CEB851A193348770052BDEC /* head_black.png in Resources */ = {isa = PBXBuildFile; fileRef = 0CEB8518193348770052BDEC /* head_black.png */; };
		5D97A541A09BF332792E3D39 /* watch_black.png in Resources */ = {isa = PBXBuildFile; fileRef = 5D97A396842BB80675CA94E9 /* watch_black.png */; };
		5D97A6368740D0B79AD8025E /* watch_hand_small.png in Resources */ = {isa = PBXBuildFile; fileRef = 5D97A5716F666198DCE0FF74 /* watch_hand_small.png */; };
		5D97A8209CE900D58AF6470E /* watch_hand_big.png in Resources */ = {isa = PBXBuildFile; fileRef = 5D97A77FC3DFE503EF96592F /* watch_hand_big.png */; };
/* End PBXBuildFile section */

/* Begin PBXContainerItemProxy section */
		0CEB84E319320DC60052BDEC /* PBXContainerItemProxy */ = {
			isa = PBXContainerItemProxy;
			containerPortal = 0CEB84B519320DC60052BDEC /* Project object */;
			proxyType = 1;
			remoteGlobalIDString = 0CEB84BC19320DC60052BDEC;
			remoteInfo = "Ultimate Blackwatch";
		};
/* End PBXContainerItemProxy section */

/* Begin PBXFileReference section */
		0CEB84BD19320DC60052BDEC /* Ultimate Blackwatch.app */ = {isa = PBXFileReference; explicitFileType = wrapper.application; includeInIndex = 0; path = "Ultimate Blackwatch.app"; sourceTree = BUILT_PRODUCTS_DIR; };
		0CEB84C019320DC60052BDEC /* Foundation.framework */ = {isa = PBXFileReference; lastKnownFileType = wrapper.framework; name = Foundation.framework; path = System/Library/Frameworks/Foundation.framework; sourceTree = SDKROOT; };
		0CEB84C219320DC60052BDEC /* CoreGraphics.framework */ = {isa = PBXFileReference; lastKnownFileType = wrapper.framework; name = CoreGraphics.framework; path = System/Library/Frameworks/CoreGraphics.framework; sourceTree = SDKROOT; };
		0CEB84C419320DC60052BDEC /* UIKit.framework */ = {isa = PBXFileReference; lastKnownFileType = wrapper.framework; name = UIKit.framework; path = System/Library/Frameworks/UIKit.framework; sourceTree = SDKROOT; };
		0CEB84C819320DC60052BDEC /* Ultimate Blackwatch-Info.plist */ = {isa = PBXFileReference; lastKnownFileType = text.plist.xml; path = "Ultimate Blackwatch-Info.plist"; sourceTree = "<group>"; };
		0CEB84CA19320DC60052BDEC /* en */ = {isa = PBXFileReference; lastKnownFileType = text.plist.strings; name = en; path = en.lproj/InfoPlist.strings; sourceTree = "<group>"; };
		0CEB84CC19320DC60052BDEC /* main.m */ = {isa = PBXFileReference; lastKnownFileType = sourcecode.c.objc; path = main.m; sourceTree = "<group>"; };
		0CEB84CE19320DC60052BDEC /* Ultimate Blackwatch-Prefix.pch */ = {isa = PBXFileReference; lastKnownFileType = sourcecode.c.h; path = "Ultimate Blackwatch-Prefix.pch"; sourceTree = "<group>"; };
		0CEB84CF19320DC60052BDEC /* AGAppDelegate.h */ = {isa = PBXFileReference; lastKnownFileType = sourcecode.c.h; path = AGAppDelegate.h; sourceTree = "<group>"; };
		0CEB84D019320DC60052BDEC /* AGAppDelegate.m */ = {isa = PBXFileReference; lastKnownFileType = sourcecode.c.objc; path = AGAppDelegate.m; sourceTree = "<group>"; };
		0CEB84D819320DC60052BDEC /* Images.xcassets */ = {isa = PBXFileReference; lastKnownFileType = folder.assetcatalog; path = Images.xcassets; sourceTree = "<group>"; };
		0CEB84DE19320DC60052BDEC /* Ultimate BlackwatchTests.xctest */ = {isa = PBXFileReference; explicitFileType = wrapper.cfbundle; includeInIndex = 0; path = "Ultimate BlackwatchTests.xctest"; sourceTree = BUILT_PRODUCTS_DIR; };
		0CEB84DF19320DC60052BDEC /* XCTest.framework */ = {isa = PBXFileReference; lastKnownFileType = wrapper.framework; name = XCTest.framework; path = Library/Frameworks/XCTest.framework; sourceTree = DEVELOPER_DIR; };
		0CEB84E719320DC60052BDEC /* Ultimate BlackwatchTests-Info.plist */ = {isa = PBXFileReference; lastKnownFileType = text.plist.xml; path = "Ultimate BlackwatchTests-Info.plist"; sourceTree = "<group>"; };
		0CEB84E919320DC60052BDEC /* en */ = {isa = PBXFileReference; lastKnownFileType = text.plist.strings; name = en; path = en.lproj/InfoPlist.strings; sourceTree = "<group>"; };
		0CEB84EB19320DC60052BDEC /* Ultimate_BlackwatchTests.m */ = {isa = PBXFileReference; lastKnownFileType = sourcecode.c.objc; path = Ultimate_BlackwatchTests.m; sourceTree = "<group>"; };
		0CEB84F7193218180052BDEC /* AGRootViewController.h */ = {isa = PBXFileReference; fileEncoding = 4; lastKnownFileType = sourcecode.c.h; path = AGRootViewController.h; sourceTree = "<group>"; };
		0CEB84F8193218180052BDEC /* AGRootViewController.m */ = {isa = PBXFileReference; fileEncoding = 4; lastKnownFileType = sourcecode.c.objc; path = AGRootViewController.m; sourceTree = "<group>"; };
		0CEB84FA193218600052BDEC /* AGWatchViewController.h */ = {isa = PBXFileReference; fileEncoding = 4; lastKnownFileType = sourcecode.c.h; path = AGWatchViewController.h; sourceTree = "<group>"; };
		0CEB84FB193218600052BDEC /* AGWatchViewController.m */ = {isa = PBXFileReference; fileEncoding = 4; lastKnownFileType = sourcecode.c.objc; path = AGWatchViewController.m; sourceTree = "<group>"; };
		0CEB84FF193218770052BDEC /* AGWatchViewController.xib */ = {isa = PBXFileReference; fileEncoding = 4; lastKnownFileType = file.xib; path = AGWatchViewController.xib; sourceTree = "<group>"; };
		0CEB850219321E620052BDEC /* UIColor+Stuff.h */ = {isa = PBXFileReference; fileEncoding = 4; lastKnownFileType = sourcecode.c.h; path = "UIColor+Stuff.h"; sourceTree = "<group>"; };
		0CEB850319321E620052BDEC /* UIColor+Stuff.m */ = {isa = PBXFileReference; fileEncoding = 4; lastKnownFileType = sourcecode.c.objc; path = "UIColor+Stuff.m"; sourceTree = "<group>"; };
		0CEB8507193268FD0052BDEC /* AGHelper.h */ = {isa = PBXFileReference; fileEncoding = 4; lastKnownFileType = sourcecode.c.h; path = AGHelper.h; sourceTree = "<group>"; };
		0CEB8508193268FD0052BDEC /* AGHelper.m */ = {isa = PBXFileReference; fileEncoding = 4; lastKnownFileType = sourcecode.c.objc; path = AGHelper.m; sourceTree = "<group>"; };
		0CEB85141932719A0052BDEC /* AGNavigationBar.h */ = {isa = PBXFileReference; fileEncoding = 4; lastKnownFileType = sourcecode.c.h; path = AGNavigationBar.h; sourceTree = "<group>"; };
		0CEB85151932719A0052BDEC /* AGNavigationBar.m */ = {isa = PBXFileReference; fileEncoding = 4; lastKnownFileType = sourcecode.c.objc; path = AGNavigationBar.m; sourceTree = "<group>"; };
		0CEB8517193348770052BDEC /* bottom_white.png */ = {isa = PBXFileReference; lastKnownFileType = image.png; path = bottom_white.png; sourceTree = "<group>"; };
		0CEB8518193348770052BDEC /* head_black.png */ = {isa = PBXFileReference; lastKnownFileType = image.png; path = head_black.png; sourceTree = "<group>"; };
		5D97A396842BB80675CA94E9 /* watch_black.png */ = {isa = PBXFileReference; lastKnownFileType = image.png; path = watch_black.png; sourceTree = "<group>"; };
		5D97A5716F666198DCE0FF74 /* watch_hand_small.png */ = {isa = PBXFileReference; lastKnownFileType = image.png; path = watch_hand_small.png; sourceTree = "<group>"; };
		5D97A77FC3DFE503EF96592F /* watch_hand_big.png */ = {isa = PBXFileReference; lastKnownFileType = image.png; path = watch_hand_big.png; sourceTree = "<group>"; };
/* End PBXFileReference section */

/* Begin PBXFrameworksBuildPhase section */
		0CEB84BA19320DC60052BDEC /* Frameworks */ = {
			isa = PBXFrameworksBuildPhase;
			buildActionMask = 2147483647;
			files = (
				0CEB84C319320DC60052BDEC /* CoreGraphics.framework in Frameworks */,
				0CEB84C519320DC60052BDEC /* UIKit.framework in Frameworks */,
				0CEB84C119320DC60052BDEC /* Foundation.framework in Frameworks */,
			);
			runOnlyForDeploymentPostprocessing = 0;
		};
		0CEB84DB19320DC60052BDEC /* Frameworks */ = {
			isa = PBXFrameworksBuildPhase;
			buildActionMask = 2147483647;
			files = (
				0CEB84E019320DC60052BDEC /* XCTest.framework in Frameworks */,
				0CEB84E219320DC60052BDEC /* UIKit.framework in Frameworks */,
				0CEB84E119320DC60052BDEC /* Foundation.framework in Frameworks */,
			);
			runOnlyForDeploymentPostprocessing = 0;
		};
/* End PBXFrameworksBuildPhase section */

/* Begin PBXGroup section */
		0CEB84B419320DC60052BDEC = {
			isa = PBXGroup;
			children = (
				0CEB84C619320DC60052BDEC /* Ultimate Blackwatch */,
				0CEB84E519320DC60052BDEC /* Ultimate BlackwatchTests */,
				0CEB84BF19320DC60052BDEC /* Frameworks */,
				0CEB84BE19320DC60052BDEC /* Products */,
			);
			sourceTree = "<group>";
		};
		0CEB84BE19320DC60052BDEC /* Products */ = {
			isa = PBXGroup;
			children = (
				0CEB84BD19320DC60052BDEC /* Ultimate Blackwatch.app */,
				0CEB84DE19320DC60052BDEC /* Ultimate BlackwatchTests.xctest */,
			);
			name = Products;
			sourceTree = "<group>";
		};
		0CEB84BF19320DC60052BDEC /* Frameworks */ = {
			isa = PBXGroup;
			children = (
				0CEB84C019320DC60052BDEC /* Foundation.framework */,
				0CEB84C219320DC60052BDEC /* CoreGraphics.framework */,
				0CEB84C419320DC60052BDEC /* UIKit.framework */,
				0CEB84DF19320DC60052BDEC /* XCTest.framework */,
			);
			name = Frameworks;
			sourceTree = "<group>";
		};
		0CEB84C619320DC60052BDEC /* Ultimate Blackwatch */ = {
			isa = PBXGroup;
			children = (
				0CEB850A19326E3F0052BDEC /* CustomViews */,
				0CEB850119321E620052BDEC /* Utils */,
				0CEB84F5193218020052BDEC /* Layouts */,
				0CEB84F6193218020052BDEC /* ViewController */,
				0CEB84CF19320DC60052BDEC /* AGAppDelegate.h */,
				0CEB84D019320DC60052BDEC /* AGAppDelegate.m */,
				0CEB84D819320DC60052BDEC /* Images.xcassets */,
				0CEB84C719320DC60052BDEC /* Supporting Files */,
				5D97AD6546EABF6E394BF5F8 /* Resources */,
			);
			path = "Ultimate Blackwatch";
			sourceTree = "<group>";
		};
		0CEB84C719320DC60052BDEC /* Supporting Files */ = {
			isa = PBXGroup;
			children = (
				0CEB84C819320DC60052BDEC /* Ultimate Blackwatch-Info.plist */,
				0CEB84C919320DC60052BDEC /* InfoPlist.strings */,
				0CEB84CC19320DC60052BDEC /* main.m */,
				0CEB84CE19320DC60052BDEC /* Ultimate Blackwatch-Prefix.pch */,
			);
			name = "Supporting Files";
			sourceTree = "<group>";
		};
		0CEB84E519320DC60052BDEC /* Ultimate BlackwatchTests */ = {
			isa = PBXGroup;
			children = (
				0CEB84EB19320DC60052BDEC /* Ultimate_BlackwatchTests.m */,
				0CEB84E619320DC60052BDEC /* Supporting Files */,
			);
			path = "Ultimate BlackwatchTests";
			sourceTree = "<group>";
		};
		0CEB84E619320DC60052BDEC /* Supporting Files */ = {
			isa = PBXGroup;
			children = (
				0CEB84E719320DC60052BDEC /* Ultimate BlackwatchTests-Info.plist */,
				0CEB84E819320DC60052BDEC /* InfoPlist.strings */,
			);
			name = "Supporting Files";
			sourceTree = "<group>";
		};
		0CEB84F5193218020052BDEC /* Layouts */ = {
			isa = PBXGroup;
			children = (
				0CEB84FF193218770052BDEC /* AGWatchViewController.xib */,
			);
			path = Layouts;
			sourceTree = "<group>";
		};
		0CEB84F6193218020052BDEC /* ViewController */ = {
			isa = PBXGroup;
			children = (
				0CEB84F7193218180052BDEC /* AGRootViewController.h */,
				0CEB84F8193218180052BDEC /* AGRootViewController.m */,
				0CEB84FA193218600052BDEC /* AGWatchViewController.h */,
				0CEB84FB193218600052BDEC /* AGWatchViewController.m */,
			);
			path = ViewController;
			sourceTree = "<group>";
		};
		0CEB850119321E620052BDEC /* Utils */ = {
			isa = PBXGroup;
			children = (
				0CEB850219321E620052BDEC /* UIColor+Stuff.h */,
				0CEB850319321E620052BDEC /* UIColor+Stuff.m */,
				0CEB8507193268FD0052BDEC /* AGHelper.h */,
				0CEB8508193268FD0052BDEC /* AGHelper.m */,
			);
			path = Utils;
			sourceTree = "<group>";
		};
		0CEB850A19326E3F0052BDEC /* CustomViews */ = {
			isa = PBXGroup;
			children = (
				0CEB85141932719A0052BDEC /* AGNavigationBar.h */,
				0CEB85151932719A0052BDEC /* AGNavigationBar.m */,
			);
			path = CustomViews;
			sourceTree = "<group>";
		};
		5D97AD6546EABF6E394BF5F8 /* Resources */ = {
			isa = PBXGroup;
			children = (
				0CEB8517193348770052BDEC /* bottom_white.png */,
				0CEB8518193348770052BDEC /* head_black.png */,
				5D97A77FC3DFE503EF96592F /* watch_hand_big.png */,
				5D97A396842BB80675CA94E9 /* watch_black.png */,
				5D97A5716F666198DCE0FF74 /* watch_hand_small.png */,
			);
			path = Resources;
			sourceTree = "<group>";
		};
/* End PBXGroup section */

/* Begin PBXNativeTarget section */
		0CEB84BC19320DC60052BDEC /* Ultimate Blackwatch */ = {
			isa = PBXNativeTarget;
			buildConfigurationList = 0CEB84EF19320DC60052BDEC /* Build configuration list for PBXNativeTarget "Ultimate Blackwatch" */;
			buildPhases = (
				0CEB84B919320DC60052BDEC /* Sources */,
				0CEB84BA19320DC60052BDEC /* Frameworks */,
				0CEB84BB19320DC60052BDEC /* Resources */,
			);
			buildRules = (
			);
			dependencies = (
			);
			name = "Ultimate Blackwatch";
			productName = "Ultimate Blackwatch";
			productReference = 0CEB84BD19320DC60052BDEC /* Ultimate Blackwatch.app */;
			productType = "com.apple.product-type.application";
		};
		0CEB84DD19320DC60052BDEC /* Ultimate BlackwatchTests */ = {
			isa = PBXNativeTarget;
			buildConfigurationList = 0CEB84F219320DC60052BDEC /* Build configuration list for PBXNativeTarget "Ultimate BlackwatchTests" */;
			buildPhases = (
				0CEB84DA19320DC60052BDEC /* Sources */,
				0CEB84DB19320DC60052BDEC /* Frameworks */,
				0CEB84DC19320DC60052BDEC /* Resources */,
			);
			buildRules = (
			);
			dependencies = (
				0CEB84E419320DC60052BDEC /* PBXTargetDependency */,
			);
			name = "Ultimate BlackwatchTests";
			productName = "Ultimate BlackwatchTests";
			productReference = 0CEB84DE19320DC60052BDEC /* Ultimate BlackwatchTests.xctest */;
			productType = "com.apple.product-type.bundle.unit-test";
		};
/* End PBXNativeTarget section */

/* Begin PBXProject section */
		0CEB84B519320DC60052BDEC /* Project object */ = {
			isa = PBXProject;
			attributes = {
				CLASSPREFIX = AG;
				LastUpgradeCheck = 0510;
				ORGANIZATIONNAME = "Arvid Gerstmann";
				TargetAttributes = {
					0CEB84DD19320DC60052BDEC = {
						TestTargetID = 0CEB84BC19320DC60052BDEC;
					};
				};
			};
			buildConfigurationList = 0CEB84B819320DC60052BDEC /* Build configuration list for PBXProject "Ultimate Blackwatch" */;
			compatibilityVersion = "Xcode 3.2";
			developmentRegion = English;
			hasScannedForEncodings = 0;
			knownRegions = (
				en,
				Base,
			);
			mainGroup = 0CEB84B419320DC60052BDEC;
			productRefGroup = 0CEB84BE19320DC60052BDEC /* Products */;
			projectDirPath = "";
			projectRoot = "";
			targets = (
				0CEB84BC19320DC60052BDEC /* Ultimate Blackwatch */,
				0CEB84DD19320DC60052BDEC /* Ultimate BlackwatchTests */,
			);
		};
/* End PBXProject section */

/* Begin PBXResourcesBuildPhase section */
		0CEB84BB19320DC60052BDEC /* Resources */ = {
			isa = PBXResourcesBuildPhase;
			buildActionMask = 2147483647;
			files = (
				0CEB84D919320DC60052BDEC /* Images.xcassets in Resources */,
				0CEB8519193348770052BDEC /* bottom_white.png in Resources */,
				0CEB8500193218770052BDEC /* AGWatchViewController.xib in Resources */,
				0CEB84CB19320DC60052BDEC /* InfoPlist.strings in Resources */,
				5D97A8209CE900D58AF6470E /* watch_hand_big.png in Resources */,
				5D97A541A09BF332792E3D39 /* watch_black.png in Resources */,
				5D97A6368740D0B79AD8025E /* watch_hand_small.png in Resources */,
				0CEB851A193348770052BDEC /* head_black.png in Resources */,
			);
			runOnlyForDeploymentPostprocessing = 0;
		};
		0CEB84DC19320DC60052BDEC /* Resources */ = {
			isa = PBXResourcesBuildPhase;
			buildActionMask = 2147483647;
			files = (
				0CEB84EA19320DC60052BDEC /* InfoPlist.strings in Resources */,
			);
			runOnlyForDeploymentPostprocessing = 0;
		};
/* End PBXResourcesBuildPhase section */

/* Begin PBXSourcesBuildPhase section */
		0CEB84B919320DC60052BDEC /* Sources */ = {
			isa = PBXSourcesBuildPhase;
			buildActionMask = 2147483647;
			files = (
				0CEB84FD193218600052BDEC /* AGWatchViewController.m in Sources */,
				0CEB85161932719A0052BDEC /* AGNavigationBar.m in Sources */,
				0CEB84D119320DC60052BDEC /* AGAppDelegate.m in Sources */,
				0CEB850419321E620052BDEC /* UIColor+Stuff.m in Sources */,
				0CEB84F9193218180052BDEC /* AGRootViewController.m in Sources */,
				0CEB84CD19320DC60052BDEC /* main.m in Sources */,
				0CEB8509193268FD0052BDEC /* AGHelper.m in Sources */,
			);
			runOnlyForDeploymentPostprocessing = 0;
		};
		0CEB84DA19320DC60052BDEC /* Sources */ = {
			isa = PBXSourcesBuildPhase;
			buildActionMask = 2147483647;
			files = (
				0CEB84EC19320DC60052BDEC /* Ultimate_BlackwatchTests.m in Sources */,
			);
			runOnlyForDeploymentPostprocessing = 0;
		};
/* End PBXSourcesBuildPhase section */

/* Begin PBXTargetDependency section */
		0CEB84E419320DC60052BDEC /* PBXTargetDependency */ = {
			isa = PBXTargetDependency;
			target = 0CEB84BC19320DC60052BDEC /* Ultimate Blackwatch */;
			targetProxy = 0CEB84E319320DC60052BDEC /* PBXContainerItemProxy */;
		};
/* End PBXTargetDependency section */

/* Begin PBXVariantGroup section */
		0CEB84C919320DC60052BDEC /* InfoPlist.strings */ = {
			isa = PBXVariantGroup;
			children = (
				0CEB84CA19320DC60052BDEC /* en */,
			);
			name = InfoPlist.strings;
			sourceTree = "<group>";
		};
		0CEB84E819320DC60052BDEC /* InfoPlist.strings */ = {
			isa = PBXVariantGroup;
			children = (
				0CEB84E919320DC60052BDEC /* en */,
			);
			name = InfoPlist.strings;
			sourceTree = "<group>";
		};
/* End PBXVariantGroup section */

/* Begin XCBuildConfiguration section */
		0CEB84ED19320DC60052BDEC /* Debug */ = {
			isa = XCBuildConfiguration;
			buildSettings = {
				ALWAYS_SEARCH_USER_PATHS = NO;
				CLANG_CXX_LANGUAGE_STANDARD = "gnu++0x";
				CLANG_CXX_LIBRARY = "libc++";
				CLANG_ENABLE_MODULES = YES;
				CLANG_ENABLE_OBJC_ARC = YES;
				CLANG_WARN_BOOL_CONVERSION = YES;
				CLANG_WARN_CONSTANT_CONVERSION = YES;
				CLANG_WARN_DIRECT_OBJC_ISA_USAGE = YES_ERROR;
				CLANG_WARN_EMPTY_BODY = YES;
				CLANG_WARN_ENUM_CONVERSION = YES;
				CLANG_WARN_INT_CONVERSION = YES;
				CLANG_WARN_OBJC_ROOT_CLASS = YES_ERROR;
				CLANG_WARN__DUPLICATE_METHOD_MATCH = YES;
				"CODE_SIGN_IDENTITY[sdk=iphoneos*]" = "iPhone Developer";
				COPY_PHASE_STRIP = NO;
				GCC_C_LANGUAGE_STANDARD = gnu99;
				GCC_DYNAMIC_NO_PIC = NO;
				GCC_OPTIMIZATION_LEVEL = 0;
				GCC_PREPROCESSOR_DEFINITIONS = (
					"DEBUG=1",
					"$(inherited)",
				);
				GCC_SYMBOLS_PRIVATE_EXTERN = NO;
				GCC_WARN_64_TO_32_BIT_CONVERSION = YES;
				GCC_WARN_ABOUT_RETURN_TYPE = YES_ERROR;
				GCC_WARN_UNDECLARED_SELECTOR = YES;
				GCC_WARN_UNINITIALIZED_AUTOS = YES_AGGRESSIVE;
				GCC_WARN_UNUSED_FUNCTION = YES;
				GCC_WARN_UNUSED_VARIABLE = YES;
				IPHONEOS_DEPLOYMENT_TARGET = 7.1;
				ONLY_ACTIVE_ARCH = YES;
				SDKROOT = iphoneos;
			};
			name = Debug;
		};
		0CEB84EE19320DC60052BDEC /* Release */ = {
			isa = XCBuildConfiguration;
			buildSettings = {
				ALWAYS_SEARCH_USER_PATHS = NO;
				CLANG_CXX_LANGUAGE_STANDARD = "gnu++0x";
				CLANG_CXX_LIBRARY = "libc++";
				CLANG_ENABLE_MODULES = YES;
				CLANG_ENABLE_OBJC_ARC = YES;
				CLANG_WARN_BOOL_CONVERSION = YES;
				CLANG_WARN_CONSTANT_CONVERSION = YES;
				CLANG_WARN_DIRECT_OBJC_ISA_USAGE = YES_ERROR;
				CLANG_WARN_EMPTY_BODY = YES;
				CLANG_WARN_ENUM_CONVERSION = YES;
				CLANG_WARN_INT_CONVERSION = YES;
				CLANG_WARN_OBJC_ROOT_CLASS = YES_ERROR;
				CLANG_WARN__DUPLICATE_METHOD_MATCH = YES;
				"CODE_SIGN_IDENTITY[sdk=iphoneos*]" = "iPhone Developer";
				COPY_PHASE_STRIP = YES;
				ENABLE_NS_ASSERTIONS = NO;
				GCC_C_LANGUAGE_STANDARD = gnu99;
				GCC_WARN_64_TO_32_BIT_CONVERSION = YES;
				GCC_WARN_ABOUT_RETURN_TYPE = YES_ERROR;
				GCC_WARN_UNDECLARED_SELECTOR = YES;
				GCC_WARN_UNINITIALIZED_AUTOS = YES_AGGRESSIVE;
				GCC_WARN_UNUSED_FUNCTION = YES;
				GCC_WARN_UNUSED_VARIABLE = YES;
				IPHONEOS_DEPLOYMENT_TARGET = 7.1;
				SDKROOT = iphoneos;
				VALIDATE_PRODUCT = YES;
			};
			name = Release;
		};
		0CEB84F019320DC60052BDEC /* Debug */ = {
			isa = XCBuildConfiguration;
			buildSettings = {
				ASSETCATALOG_COMPILER_APPICON_NAME = AppIcon;
				ASSETCATALOG_COMPILER_LAUNCHIMAGE_NAME = LaunchImage;
				GCC_PRECOMPILE_PREFIX_HEADER = YES;
				GCC_PREFIX_HEADER = "Ultimate Blackwatch/Ultimate Blackwatch-Prefix.pch";
				INFOPLIST_FILE = "Ultimate Blackwatch/Ultimate Blackwatch-Info.plist";
				IPHONEOS_DEPLOYMENT_TARGET = 7.0;
				PRODUCT_NAME = "$(TARGET_NAME)";
				WRAPPER_EXTENSION = app;
			};
			name = Debug;
		};
		0CEB84F119320DC60052BDEC /* Release */ = {
			isa = XCBuildConfiguration;
			buildSettings = {
				ASSETCATALOG_COMPILER_APPICON_NAME = AppIcon;
				ASSETCATALOG_COMPILER_LAUNCHIMAGE_NAME = LaunchImage;
				GCC_PRECOMPILE_PREFIX_HEADER = YES;
				GCC_PREFIX_HEADER = "Ultimate Blackwatch/Ultimate Blackwatch-Prefix.pch";
				INFOPLIST_FILE = "Ultimate Blackwatch/Ultimate Blackwatch-Info.plist";
				IPHONEOS_DEPLOYMENT_TARGET = 7.0;
				PRODUCT_NAME = "$(TARGET_NAME)";
				WRAPPER_EXTENSION = app;
			};
			name = Release;
		};
		0CEB84F319320DC60052BDEC /* Debug */ = {
			isa = XCBuildConfiguration;
			buildSettings = {
				BUNDLE_LOADER = "$(BUILT_PRODUCTS_DIR)/Ultimate Blackwatch.app/Ultimate Blackwatch";
				FRAMEWORK_SEARCH_PATHS = (
					"$(SDKROOT)/Developer/Library/Frameworks",
					"$(inherited)",
					"$(DEVELOPER_FRAMEWORKS_DIR)",
				);
				GCC_PRECOMPILE_PREFIX_HEADER = YES;
				GCC_PREFIX_HEADER = "Ultimate Blackwatch/Ultimate Blackwatch-Prefix.pch";
				GCC_PREPROCESSOR_DEFINITIONS = (
					"DEBUG=1",
					"$(inherited)",
				);
				INFOPLIST_FILE = "Ultimate BlackwatchTests/Ultimate BlackwatchTests-Info.plist";
				PRODUCT_NAME = "$(TARGET_NAME)";
				TEST_HOST = "$(BUNDLE_LOADER)";
				WRAPPER_EXTENSION = xctest;
			};
			name = Debug;
		};
		0CEB84F419320DC60052BDEC /* Release */ = {
			isa = XCBuildConfiguration;
			buildSettings = {
				BUNDLE_LOADER = "$(BUILT_PRODUCTS_DIR)/Ultimate Blackwatch.app/Ultimate Blackwatch";
				FRAMEWORK_SEARCH_PATHS = (
					"$(SDKROOT)/Developer/Library/Frameworks",
					"$(inherited)",
					"$(DEVELOPER_FRAMEWORKS_DIR)",
				);
				GCC_PRECOMPILE_PREFIX_HEADER = YES;
				GCC_PREFIX_HEADER = "Ultimate Blackwatch/Ultimate Blackwatch-Prefix.pch";
				INFOPLIST_FILE = "Ultimate BlackwatchTests/Ultimate BlackwatchTests-Info.plist";
				PRODUCT_NAME = "$(TARGET_NAME)";
				TEST_HOST = "$(BUNDLE_LOADER)";
				WRAPPER_EXTENSION = xctest;
			};
			name = Release;
		};
/* End XCBuildConfiguration section */

/* Begin XCConfigurationList section */
		0CEB84B819320DC60052BDEC /* Build configuration list for PBXProject "Ultimate Blackwatch" */ = {
			isa = XCConfigurationList;
			buildConfigurations = (
				0CEB84ED19320DC60052BDEC /* Debug */,
				0CEB84EE19320DC60052BDEC /* Release */,
			);
			defaultConfigurationIsVisible = 0;
			defaultConfigurationName = Release;
		};
		0CEB84EF19320DC60052BDEC /* Build configuration list for PBXNativeTarget "Ultimate Blackwatch" */ = {
			isa = XCConfigurationList;
			buildConfigurations = (
				0CEB84F019320DC60052BDEC /* Debug */,
				0CEB84F119320DC60052BDEC /* Release */,
			);
			defaultConfigurationIsVisible = 0;
			defaultConfigurationName = Release;
		};
		0CEB84F219320DC60052BDEC /* Build configuration list for PBXNativeTarget "Ultimate BlackwatchTests" */ = {
			isa = XCConfigurationList;
			buildConfigurations = (
				0CEB84F319320DC60052BDEC /* Debug */,
				0CEB84F419320DC60052BDEC /* Release */,
			);
			defaultConfigurationIsVisible = 0;
			defaultConfigurationName = Release;
		};
/* End XCConfigurationList section */
	};
	rootObject = 0CEB84B519320DC60052BDEC /* Project object */;
}
